
Microsoft Visual Studio Solution File, Format Version 12.00
# Visual Studio Version 17
VisualStudioVersion = 17.4.33122.133
MinimumVisualStudioVersion = 10.0.40219.1
Project("{FAE04EC0-301F-11D3-BF4B-00C04F79EFBC}") = "ReadOnlyVector", "ReadOnlyVector.csproj", "{1F820E12-7E50-438F-AFB8-BAA1347BE797}"
EndProject
Global
	GlobalSection(SolutionConfigurationPlatforms) = preSolution
		Debug|Any CPU = Debug|Any CPU
		Release|Any CPU = Release|Any CPU
	EndGlobalSection
	GlobalSection(ProjectConfigurationPlatforms) = postSolution
		{1F820E12-7E50-438F-AFB8-BAA1347BE797}.Debug|Any CPU.ActiveCfg = Debug|Any CPU
		{1F820E12-7E50-438F-AFB8-BAA1347BE797}.Debug|Any CPU.Build.0 = Debug|Any CPU
		{1F820E12-7E50-438F-AFB8-BAA1347BE797}.Release|Any CPU.ActiveCfg = Release|Any CPU
		{1F820E12-7E50-438F-AFB8-BAA1347BE797}.Release|Any CPU.Build.0 = Release|Any CPU
	EndGlobalSection
	GlobalSection(SolutionProperties) = preSolution
		HideSolutionNode = FALSE
	EndGlobalSection
	GlobalSection(ExtensibilityGlobals) = postSolution
		SolutionGuid = {98707651-CF71-4C3B-8BB7-1DBDF6B715E3}
	EndGlobalSection
EndGlobal
